{
  "lockfileVersion": 1,
  "configVersion": 0,
  "workspaces": {
    "": {
      "name": "metagame",
      "dependencies": {
        "@apollo/server": "^5.5.1",
        "@as-integrations/express5": "^1.1.2",
        "async": "^3.2.6",
        "bunyan": "^1.8.15",
        "cors": "^2.8.6",
        "csv-parse": "^4.16.3",
        "db-migrate": "^0.11.14",
        "db-migrate-pg": "^1.5.2",
        "dotenv": "^9.0.2",
        "email-validator": "^2.0.4",
        "express": "^5.2.1",
        "graphql": "^16.14.2",
        "knex": "^3.3.0",
        "pg": "^8.12.0",
      },
    },
  },
  "packages": {
    "@apollo/cache-control-types": ["@apollo/cache-control-types@1.0.3", "", { "peerDependencies": { "graphql": "14.x || 15.x || 16.x" } }, "sha512-F17/vCp7QVwom9eG7ToauIKdAxpSoadsJnqIfyryLFSkLSOEqu+eC5Z3N8OXcUVStuOMcNHlyraRsA6rRICu4g=="],

    "@apollo/protobufjs": ["@apollo/protobufjs@1.2.7", "", { "dependencies": { "@protobufjs/aspromise": "^1.1.2", "@protobufjs/base64": "^1.1.2", "@protobufjs/codegen": "^2.0.4", "@protobufjs/eventemitter": "^1.1.0", "@protobufjs/fetch": "^1.1.0", "@protobufjs/float": "^1.0.2", "@protobufjs/inquire": "^1.1.0", "@protobufjs/path": "^1.1.2", "@protobufjs/pool": "^1.1.0", "@protobufjs/utf8": "^1.1.0", "@types/long": "^4.0.0", "long": "^4.0.0" }, "bin": { "apollo-pbjs": "bin/pbjs", "apollo-pbts": "bin/pbts" } }, ""],

    "@apollo/server": ["@apollo/server@5.5.1", "", { "dependencies": { "@apollo/cache-control-types": "^1.0.3", "@apollo/server-gateway-interface": "^2.0.0", "@apollo/usage-reporting-protobuf": "^4.1.1", "@apollo/utils.createhash": "^3.0.0", "@apollo/utils.fetcher": "^3.0.0", "@apollo/utils.isnodelike": "^3.0.0", "@apollo/utils.keyvaluecache": "^4.0.0", "@apollo/utils.logger": "^3.0.0", "@apollo/utils.usagereporting": "^2.1.0", "@apollo/utils.withrequired": "^3.0.0", "@graphql-tools/schema": "^10.0.0", "async-retry": "^1.2.1", "body-parser": "^2.2.2", "content-type": "^1.0.5", "cors": "^2.8.5", "finalhandler": "^2.1.0", "loglevel": "^1.6.8", "lru-cache": "^11.1.0", "negotiator": "^1.0.0", "whatwg-mimetype": "^4.0.0" }, "peerDependencies": { "graphql": "^16.11.0" } }, "sha512-Rn3g5TJQsMSUY23CWZTghWdBWyjX7dP1eaEBPkvmM2RHi82cDcpgTIkSCbGvtTUEGjwopLv1AAooU/n7iIZ20A=="],

    "@apollo/server-gateway-interface": ["@apollo/server-gateway-interface@2.0.0", "", { "dependencies": { "@apollo/usage-reporting-protobuf": "^4.1.1", "@apollo/utils.fetcher": "^3.0.0", "@apollo/utils.keyvaluecache": "^4.0.0", "@apollo/utils.logger": "^3.0.0" }, "peerDependencies": { "graphql": "14.x || 15.x || 16.x" } }, "sha512-3HEMD6fSantG2My3jWkb9dvfkF9vJ4BDLRjMgsnD790VINtuPaEp+h3Hg9HOHiWkML6QsOhnaRqZ+gvhp3y8Nw=="],

    "@apollo/usage-reporting-protobuf": ["@apollo/usage-reporting-protobuf@4.1.1", "", { "dependencies": { "@apollo/protobufjs": "1.2.7" } }, ""],

    "@apollo/utils.createhash": ["@apollo/utils.createhash@3.0.1", "", { "dependencies": { "@apollo/utils.isnodelike": "^3.0.0", "sha.js": "^2.4.11" } }, "sha512-CKrlySj4eQYftBE5MJ8IzKwIibQnftDT7yGfsJy5KSEEnLlPASX0UTpbKqkjlVEwPPd4mEwI7WOM7XNxEuO05A=="],

    "@apollo/utils.dropunuseddefinitions": ["@apollo/utils.dropunuseddefinitions@2.0.1", "", { "peerDependencies": { "graphql": "14.x || 15.x || 16.x" } }, "sha512-EsPIBqsSt2BwDsv8Wu76LK5R1KtsVkNoO4b0M5aK0hx+dGg9xJXuqlr7Fo34Dl+y83jmzn+UvEW+t1/GP2melA=="],

    "@apollo/utils.fetcher": ["@apollo/utils.fetcher@3.1.0", "", {}, "sha512-Z3QAyrsQkvrdTuHAFwWDNd+0l50guwoQUoaDQssLOjkmnmVuvXlJykqlEJolio+4rFwBnWdoY1ByFdKaQEcm7A=="],

    "@apollo/utils.isnodelike": ["@apollo/utils.isnodelike@3.0.0", "", {}, "sha512-xrjyjfkzunZ0DeF6xkHaK5IKR8F1FBq6qV+uZ+h9worIF/2YSzA0uoBxGv6tbTeo9QoIQnRW4PVFzGix5E7n/g=="],

    "@apollo/utils.keyvaluecache": ["@apollo/utils.keyvaluecache@4.0.0", "", { "dependencies": { "@apollo/utils.logger": "^3.0.0", "lru-cache": "^11.0.0" } }, "sha512-mKw1myRUkQsGPNB+9bglAuhviodJ2L2MRYLTafCMw5BIo7nbvCPNCkLnIHjZ1NOzH7SnMAr5c9LmXiqsgYqLZw=="],

    "@apollo/utils.logger": ["@apollo/utils.logger@3.0.0", "", {}, "sha512-M8V8JOTH0F2qEi+ktPfw4RL7MvUycDfKp7aEap2eWXfL5SqWHN6jTLbj5f5fj1cceHpyaUSOZlvlaaryaxZAmg=="],

    "@apollo/utils.printwithreducedwhitespace": ["@apollo/utils.printwithreducedwhitespace@2.0.1", "", { "peerDependencies": { "graphql": "14.x || 15.x || 16.x" } }, "sha512-9M4LUXV/fQBh8vZWlLvb/HyyhjJ77/I5ZKu+NBWV/BmYGyRmoEP9EVAy7LCVoY3t8BDcyCAGfxJaLFCSuQkPUg=="],

    "@apollo/utils.removealiases": ["@apollo/utils.removealiases@2.0.1", "", { "peerDependencies": { "graphql": "14.x || 15.x || 16.x" } }, "sha512-0joRc2HBO4u594Op1nev+mUF6yRnxoUH64xw8x3bX7n8QBDYdeYgY4tF0vJReTy+zdn2xv6fMsquATSgC722FA=="],

    "@apollo/utils.sortast": ["@apollo/utils.sortast@2.0.1", "", { "dependencies": { "lodash.sortby": "^4.7.0" }, "peerDependencies": { "graphql": "14.x || 15.x || 16.x" } }, "sha512-eciIavsWpJ09za1pn37wpsCGrQNXUhM0TktnZmHwO+Zy9O4fu/WdB4+5BvVhFiZYOXvfjzJUcc+hsIV8RUOtMw=="],

    "@apollo/utils.stripsensitiveliterals": ["@apollo/utils.stripsensitiveliterals@2.0.1", "", { "peerDependencies": { "graphql": "14.x || 15.x || 16.x" } }, "sha512-QJs7HtzXS/JIPMKWimFnUMK7VjkGQTzqD9bKD1h3iuPAqLsxd0mUNVbkYOPTsDhUKgcvUOfOqOJWYohAKMvcSA=="],

    "@apollo/utils.usagereporting": ["@apollo/utils.usagereporting@2.1.0", "", { "dependencies": { "@apollo/usage-reporting-protobuf": "^4.1.0", "@apollo/utils.dropunuseddefinitions": "^2.0.1", "@apollo/utils.printwithreducedwhitespace": "^2.0.1", "@apollo/utils.removealiases": "2.0.1", "@apollo/utils.sortast": "^2.0.1", "@apollo/utils.stripsensitiveliterals": "^2.0.1" }, "peerDependencies": { "graphql": "14.x || 15.x || 16.x" } }, "sha512-LPSlBrn+S17oBy5eWkrRSGb98sWmnEzo3DPTZgp8IQc8sJe0prDgDuppGq4NeQlpoqEHz0hQeYHAOA0Z3aQsxQ=="],

    "@apollo/utils.withrequired": ["@apollo/utils.withrequired@3.0.0", "", {}, "sha512-aaxeavfJ+RHboh7c2ofO5HHtQobGX4AgUujXP4CXpREHp9fQ9jPi6K9T1jrAKe7HIipoP0OJ1gd6JamSkFIpvA=="],

    "@as-integrations/express5": ["@as-integrations/express5@1.1.2", "", { "peerDependencies": { "@apollo/server": "^4.0.0 || ^5.0.0", "express": "^5.0.0" } }, "sha512-BxfwtcWNf2CELDkuPQxi5Zl3WqY/dQVJYafeCBOGoFQjv5M0fjhxmAFZ9vKx/5YKKNeok4UY6PkFbHzmQrdxIA=="],

    "@colors/colors": ["@colors/colors@1.5.0", "", {}, ""],

    "@graphql-tools/merge": ["@graphql-tools/merge@9.2.2", "", { "dependencies": { "@graphql-tools/utils": "^11.2.2", "tslib": "^2.4.0" }, "peerDependencies": { "graphql": "^14.0.0 || ^15.0.0 || ^16.0.0 || ^17.0.0" } }, "sha512-DSLLAztOIQId7QE3m8Ehk5lV+0pjxNSSRDHPzlYQ9E4KJ9AoUMBprC4C+eX3v4srh05S2ujm5/veqAr5yEWFSQ=="],

    "@graphql-tools/schema": ["@graphql-tools/schema@10.0.38", "", { "dependencies": { "@graphql-tools/merge": "^9.2.2", "@graphql-tools/utils": "^11.2.2", "tslib": "^2.4.0" }, "peerDependencies": { "graphql": "^14.0.0 || ^15.0.0 || ^16.0.0 || ^17.0.0" } }, "sha512-Kckk2/vm+rELJ7ijvFaAn9ouWSVUTD0D4SJIvYF4rKeuQHAfCzE/jzMFonZVpTXleqJjPXLZjVbuaMorw7A5Og=="],

    "@graphql-tools/utils": ["@graphql-tools/utils@11.2.2", "", { "dependencies": { "@graphql-typed-document-node/core": "^3.1.1", "@whatwg-node/promise-helpers": "^1.0.0", "cross-inspect": "1.0.1", "tslib": "^2.4.0" }, "peerDependencies": { "graphql": "^14.0.0 || ^15.0.0 || ^16.0.0 || ^17.0.0" } }, "sha512-Do2A/t6ayqOma8m7PvpYMsCBswL+NB35BQSng4GWSBqafL2/BnfAZy/NSENPwV721Rm2fG0BHETFC0+FJJZmLw=="],

    "@graphql-typed-document-node/core": ["@graphql-typed-document-node/core@3.2.0", "", { "peerDependencies": { "graphql": "^0.8.0 || ^0.9.0 || ^0.10.0 || ^0.11.0 || ^0.12.0 || ^0.13.0 || ^14.0.0 || ^15.0.0 || ^16.0.0 || ^17.0.0" } }, ""],

    "@protobufjs/aspromise": ["@protobufjs/aspromise@1.1.2", "", {}, ""],

    "@protobufjs/base64": ["@protobufjs/base64@1.1.2", "", {}, ""],

    "@protobufjs/codegen": ["@protobufjs/codegen@2.0.4", "", {}, ""],

    "@protobufjs/eventemitter": ["@protobufjs/eventemitter@1.1.0", "", {}, ""],

    "@protobufjs/fetch": ["@protobufjs/fetch@1.1.0", "", { "dependencies": { "@protobufjs/aspromise": "^1.1.1", "@protobufjs/inquire": "^1.1.0" } }, ""],

    "@protobufjs/float": ["@protobufjs/float@1.0.2", "", {}, ""],

    "@protobufjs/inquire": ["@protobufjs/inquire@1.1.0", "", {}, ""],

    "@protobufjs/path": ["@protobufjs/path@1.1.2", "", {}, ""],

    "@protobufjs/pool": ["@protobufjs/pool@1.1.0", "", {}, ""],

    "@protobufjs/utf8": ["@protobufjs/utf8@1.1.2", "", {}, "sha512-b1UQwcEZ4yCnMCD8DAL1VlbvBJE9/IX4FTIp7BG1xYpf29SLazLSrqUkj4w7Y5y7cCVP6E5tcqqcI0xemPkHug=="],

    "@types/long": ["@types/long@4.0.2", "", {}, ""],

    "@whatwg-node/promise-helpers": ["@whatwg-node/promise-helpers@1.3.2", "", { "dependencies": { "tslib": "^2.6.3" } }, "sha512-Nst5JdK47VIl9UcGwtv2Rcgyn5lWtZ0/mhRQ4G8NN2isxpq2TO30iqHzmwoJycjWuyUfg3GFXqP/gFHXeV57IA=="],

    "accepts": ["accepts@2.0.0", "", { "dependencies": { "mime-types": "^3.0.0", "negotiator": "^1.0.0" } }, "sha512-5cvg6CtKwfgdmVqY1WIiXKc3Q1bkRqGLi+2W/6ao+6Y7gu/RCwRuAhGEzh5B4KlszSuTLgZYuqFqo5bImjNKng=="],

    "ansi-regex": ["ansi-regex@5.0.1", "", {}, ""],

    "ansi-styles": ["ansi-styles@4.3.0", "", { "dependencies": { "color-convert": "^2.0.1" } }, ""],

    "asn1": ["asn1@0.2.6", "", { "dependencies": { "safer-buffer": "~2.1.0" } }, ""],

    "async": ["async@3.2.6", "", {}, ""],

    "async-retry": ["async-retry@1.3.3", "", { "dependencies": { "retry": "0.13.1" } }, ""],

    "available-typed-arrays": ["available-typed-arrays@1.0.7", "", { "dependencies": { "possible-typed-array-names": "^1.0.0" } }, ""],

    "balanced-match": ["balanced-match@1.0.2", "", {}, ""],

    "bcrypt-pbkdf": ["bcrypt-pbkdf@1.0.2", "", { "dependencies": { "tweetnacl": "^0.14.3" } }, ""],

    "bluebird": ["bluebird@3.7.2", "", {}, ""],

    "body-parser": ["body-parser@2.3.0", "", { "dependencies": { "bytes": "^3.1.2", "content-type": "^2.0.0", "debug": "^4.4.3", "http-errors": "^2.0.1", "iconv-lite": "^0.7.2", "on-finished": "^2.4.1", "qs": "^6.15.2", "raw-body": "^3.0.2", "type-is": "^2.1.0" } }, "sha512-2cGmJupaNgg+QUwVLAucDuWuoMZ6EX9iHDRswZ5lsNYEmwPaRknMPCLZz07yTzVq/83p4o/wzbDZbBrTvGGTIw=="],

    "brace-expansion": ["brace-expansion@1.1.16", "", { "dependencies": { "balanced-match": "^1.0.0", "concat-map": "0.0.1" } }, "sha512-IDw48K2/2kRkg9LdJxurvq3lV3aBgq0REY89duEqFRthjlPdXHKMj7EnQOXVckxzgisinf3nHfrcE2FufFLXMw=="],

    "bunyan": ["bunyan@1.8.15", "", { "optionalDependencies": { "dtrace-provider": "~0.8", "moment": "^2.19.3", "mv": "~2", "safe-json-stringify": "~1" }, "bin": "bin/bunyan" }, ""],

    "bytes": ["bytes@3.1.2", "", {}, ""],

    "call-bind": ["call-bind@1.0.9", "", { "dependencies": { "call-bind-apply-helpers": "^1.0.2", "es-define-property": "^1.0.1", "get-intrinsic": "^1.3.0", "set-function-length": "^1.2.2" } }, "sha512-a/hy+pNsFUTR+Iz8TCJvXudKVLAnz/DyeSUo10I5yvFDQJBFU2s9uqQpoSrJlroHUKoKqzg+epxyP9lqFdzfBQ=="],

    "call-bind-apply-helpers": ["call-bind-apply-helpers@1.0.2", "", { "dependencies": { "es-errors": "^1.3.0", "function-bind": "^1.1.2" } }, "sha512-Sp1ablJ0ivDkSzjcaJdxEunN5/XvksFJ2sMBFfq6x0ryhQV/2b/KwFe21cMpmHtPOSij8K99/wSfoEuTObmuMQ=="],

    "call-bound": ["call-bound@1.0.4", "", { "dependencies": { "call-bind-apply-helpers": "^1.0.2", "get-intrinsic": "^1.3.0" } }, "sha512-+ys997U96po4Kx/ABpBCqhA9EuxJaQWDQg7295H4hBphv3IZg0boBKuwYpt4YXp6MZ5AmZQnU/tyMTlRpaSejg=="],

    "camelcase": ["camelcase@5.3.1", "", {}, ""],

    "cliui": ["cliui@6.0.0", "", { "dependencies": { "string-width": "^4.2.0", "strip-ansi": "^6.0.0", "wrap-ansi": "^6.2.0" } }, ""],

    "color-convert": ["color-convert@2.0.1", "", { "dependencies": { "color-name": "~1.1.4" } }, ""],

    "color-name": ["color-name@1.1.4", "", {}, ""],

    "colorette": ["colorette@2.0.19", "", {}, ""],

    "colors": ["colors@1.0.3", "", {}, ""],

    "commander": ["commander@10.0.1", "", {}, ""],

    "concat-map": ["concat-map@0.0.1", "", {}, ""],

    "content-disposition": ["content-disposition@1.1.0", "", {}, "sha512-5jRCH9Z/+DRP7rkvY83B+yGIGX96OYdJmzngqnw2SBSxqCFPd0w2km3s5iawpGX8krnwSGmF0FW5Nhr0Hfai3g=="],

    "content-type": ["content-type@1.0.5", "", {}, ""],

    "cookie": ["cookie@0.7.2", "", {}, "sha512-yki5XnKuf750l50uGTllt6kKILY4nQ1eNIQatoXEByZ5dWgnKqbnqmTrBE5B4N7lrMJKQ2ytWMiTO2o0v6Ew/w=="],

    "cookie-signature": ["cookie-signature@1.2.2", "", {}, "sha512-D76uU73ulSXrD1UXF4KE2TMxVVwhsnCgfAyTg9k8P6KGZjlXKrOLe4dJQKI3Bxi5wjesZoFXJWElNWBjPZMbhg=="],

    "cors": ["cors@2.8.6", "", { "dependencies": { "object-assign": "^4", "vary": "^1" } }, "sha512-tJtZBBHA6vjIAaF6EnIaq6laBBP9aq/Y3ouVJjEfoHbRBcHBAHYcMh/w8LDrk2PvIMMq8gmopa5D4V8RmbrxGw=="],

    "cpu-features": ["cpu-features@0.0.2", "", { "dependencies": { "nan": "^2.14.1" } }, ""],

    "cross-inspect": ["cross-inspect@1.0.1", "", { "dependencies": { "tslib": "^2.4.0" } }, "sha512-Pcw1JTvZLSJH83iiGWt6fRcT+BjZlCDRVwYLbUcHzv/CRpB7r0MlSrGbIyQvVSNyGnbt7G4AXuyCiDR3POvZ1A=="],

    "csv-parse": ["csv-parse@4.16.3", "", {}, ""],

    "cycle": ["cycle@1.0.3", "", {}, ""],

    "db-migrate": ["db-migrate@0.11.14", "", { "dependencies": { "balanced-match": "^1.0.0", "bluebird": "^3.1.1", "db-migrate-shared": "^1.2.0", "deep-extend": "^0.6.0", "dotenv": "^5.0.1", "final-fs": "^1.6.0", "inflection": "^1.10.0", "mkdirp": "~0.5.0", "parse-database-url": "~0.3.0", "prompt": "^1.0.0", "rc": "^1.2.8", "resolve": "^1.1.6", "semver": "^5.3.0", "tunnel-ssh": "^4.0.0", "yargs": "^15.3.1" }, "bin": "bin/db-migrate" }, ""],

    "db-migrate-base": ["db-migrate-base@2.3.1", "", { "dependencies": { "bluebird": "^3.1.1" } }, ""],

    "db-migrate-pg": ["db-migrate-pg@1.5.2", "", { "dependencies": { "bluebird": "^3.1.1", "db-migrate-base": "^2.3.0", "pg": "^8.11.2", "semver": "^7.5.4" } }, ""],

    "db-migrate-shared": ["db-migrate-shared@1.2.0", "", {}, ""],

    "debug": ["debug@4.4.3", "", { "dependencies": { "ms": "^2.1.3" } }, "sha512-RGwwWnwQvkVfavKVt22FGLw+xYSdzARwm0ru6DhTVA3umU5hZc28V3kO4stgYryrTlLpuvgI9GiijltAjNbcqA=="],

    "decamelize": ["decamelize@1.2.0", "", {}, ""],

    "deep-extend": ["deep-extend@0.6.0", "", {}, ""],

    "define-data-property": ["define-data-property@1.1.4", "", { "dependencies": { "es-define-property": "^1.0.0", "es-errors": "^1.3.0", "gopd": "^1.0.1" } }, ""],

    "depd": ["depd@2.0.0", "", {}, ""],

    "dotenv": ["dotenv@9.0.2", "", {}, ""],

    "dtrace-provider": ["dtrace-provider@0.8.8", "", { "dependencies": { "nan": "^2.14.0" } }, ""],

    "dunder-proto": ["dunder-proto@1.0.1", "", { "dependencies": { "call-bind-apply-helpers": "^1.0.1", "es-errors": "^1.3.0", "gopd": "^1.2.0" } }, "sha512-KIN/nDJBQRcXw0MLVhZE9iQHmG68qAVIBg9CqmUYjmQIhgij9U5MFvrqkUL5FbtyyzZuOeOt0zdeRe4UY7ct+A=="],

    "ee-first": ["ee-first@1.1.1", "", {}, ""],

    "email-validator": ["email-validator@2.0.4", "", {}, ""],

    "emoji-regex": ["emoji-regex@8.0.0", "", {}, ""],

    "encodeurl": ["encodeurl@2.0.0", "", {}, "sha512-Q0n9HRi4m6JuGIV1eFlmvJB7ZEVxu93IrMyiMsGC0lrMJMWzRgx6WGquyfQgZVb31vhGgXnfmPNNXmxnOkRBrg=="],

    "es-define-property": ["es-define-property@1.0.1", "", {}, "sha512-e3nRfgfUZ4rNGL232gUgX06QNyyez04KdjFrF+LTRoOXmrOgFKDg4BCdsjW8EnT69eqdYGmRpJwiPVYNrCaW3g=="],

    "es-errors": ["es-errors@1.3.0", "", {}, ""],

    "es-object-atoms": ["es-object-atoms@1.1.2", "", { "dependencies": { "es-errors": "^1.3.0" } }, "sha512-HWcBoN6NileqtSydK2FqHbS/LoDd2pqrnQHLyJzBj4kOp/ky2MWMN694xOfkK8/SnUsW2DH7EfyVlydKCsm1Zw=="],

    "escalade": ["escalade@3.2.0", "", {}, ""],

    "escape-html": ["escape-html@1.0.3", "", {}, ""],

    "esm": ["esm@3.2.25", "", {}, ""],

    "etag": ["etag@1.8.1", "", {}, "sha512-aIL5Fx7mawVa300al2BnEE4iNvo1qETxLrPI/o05L7z6go7fCw1J6EQmbK4FmJ2AS7kgVF/KEZWufBfdClMcPg=="],

    "express": ["express@5.2.1", "", { "dependencies": { "accepts": "^2.0.0", "body-parser": "^2.2.1", "content-disposition": "^1.0.0", "content-type": "^1.0.5", "cookie": "^0.7.1", "cookie-signature": "^1.2.1", "debug": "^4.4.0", "depd": "^2.0.0", "encodeurl": "^2.0.0", "escape-html": "^1.0.3", "etag": "^1.8.1", "finalhandler": "^2.1.0", "fresh": "^2.0.0", "http-errors": "^2.0.0", "merge-descriptors": "^2.0.0", "mime-types": "^3.0.0", "on-finished": "^2.4.1", "once": "^1.4.0", "parseurl": "^1.3.3", "proxy-addr": "^2.0.7", "qs": "^6.14.0", "range-parser": "^1.2.1", "router": "^2.2.0", "send": "^1.1.0", "serve-static": "^2.2.0", "statuses": "^2.0.1", "type-is": "^2.0.1", "vary": "^1.1.2" } }, "sha512-hIS4idWWai69NezIdRt2xFVofaF4j+6INOpJlVOLDO8zXGpUVEVzIYk12UUi2JzjEzWL3IOAxcTubgz9Po0yXw=="],

    "eyes": ["eyes@0.1.8", "", {}, ""],

    "final-fs": ["final-fs@1.6.1", "", { "dependencies": { "node-fs": "~0.1.5", "when": "~2.0.1" } }, ""],

    "finalhandler": ["finalhandler@2.1.1", "", { "dependencies": { "debug": "^4.4.0", "encodeurl": "^2.0.0", "escape-html": "^1.0.3", "on-finished": "^2.4.1", "parseurl": "^1.3.3", "statuses": "^2.0.1" } }, "sha512-S8KoZgRZN+a5rNwqTxlZZePjT/4cnm0ROV70LedRHZ0p8u9fRID0hJUZQpkKLzro8LfmC8sx23bY6tVNxv8pQA=="],

    "find-up": ["find-up@4.1.0", "", { "dependencies": { "locate-path": "^5.0.0", "path-exists": "^4.0.0" } }, ""],

    "for-each": ["for-each@0.3.5", "", { "dependencies": { "is-callable": "^1.2.7" } }, "sha512-dKx12eRCVIzqCxFGplyFKJMPvLEWgmNtUrpTiJIR5u97zEhRG8ySrtboPHZXx7daLxQVrl643cTzbab2tkQjxg=="],

    "forwarded": ["forwarded@0.2.0", "", {}, "sha512-buRG0fpBtRHSTCOASe6hD258tEubFoRLb4ZNA6NxMVHNw2gOcwHo9wyablzMzOA5z9xA9L1KNjk/Nt6MT9aYow=="],

    "fresh": ["fresh@2.0.0", "", {}, "sha512-Rx/WycZ60HOaqLKAi6cHRKKI7zxWbJ31MhntmtwMoaTeF7XFH9hhBp8vITaMidfljRQ6eYWCKkaTK+ykVJHP2A=="],

    "function-bind": ["function-bind@1.1.2", "", {}, ""],

    "get-caller-file": ["get-caller-file@2.0.5", "", {}, ""],

    "get-intrinsic": ["get-intrinsic@1.3.0", "", { "dependencies": { "call-bind-apply-helpers": "^1.0.2", "es-define-property": "^1.0.1", "es-errors": "^1.3.0", "es-object-atoms": "^1.1.1", "function-bind": "^1.1.2", "get-proto": "^1.0.1", "gopd": "^1.2.0", "has-symbols": "^1.1.0", "hasown": "^2.0.2", "math-intrinsics": "^1.1.0" } }, "sha512-9fSjSaos/fRIVIp+xSJlE6lfwhES7LNtKaCBIamHsjr2na1BiABJPo0mOjjz8GJDURarmCPGqaiVg5mfjb98CQ=="],

    "get-package-type": ["get-package-type@0.1.0", "", {}, ""],

    "get-proto": ["get-proto@1.0.1", "", { "dependencies": { "dunder-proto": "^1.0.1", "es-object-atoms": "^1.0.0" } }, "sha512-sTSfBjoXBp89JvIKIefqw7U2CCebsc74kiY6awiGogKtoSGbgjYE/G/+l9sF3MWFPNc9IcoOC4ODfKHfxFmp0g=="],

    "getopts": ["getopts@2.3.0", "", {}, ""],

    "glob": ["glob@6.0.4", "", { "dependencies": { "inflight": "^1.0.4", "inherits": "2", "minimatch": "2 || 3", "once": "^1.3.0", "path-is-absolute": "^1.0.0" } }, ""],

    "gopd": ["gopd@1.2.0", "", {}, "sha512-ZUKRh6/kUFoAiTAtTYPZJ3hw9wNxx+BIBOijnlG9PnrJsCcSjs1wyyD6vJpaYtgnzDrKYRSqf3OO6Rfa93xsRg=="],

    "graphql": ["graphql@16.14.2", "", {}, "sha512-Chq1s4CY7jmh8gO2qvLIJyfCDIN+EHLFW/9iShnp1z8FjBQMoodWP1kDC36VAMXXIvAjj4ARa7ntfAV2BrjsbA=="],

    "has-property-descriptors": ["has-property-descriptors@1.0.2", "", { "dependencies": { "es-define-property": "^1.0.0" } }, ""],

    "has-symbols": ["has-symbols@1.1.0", "", {}, "sha512-1cDNdwJ2Jaohmb3sg4OmKaMBwuC48sYni5HUw2DvsC8LjGTLK9h+eb1X6RyuOHe4hT0ULCW68iomhjUoKUqlPQ=="],

    "has-tostringtag": ["has-tostringtag@1.0.2", "", { "dependencies": { "has-symbols": "^1.0.3" } }, ""],

    "hasown": ["hasown@2.0.2", "", { "dependencies": { "function-bind": "^1.1.2" } }, ""],

    "http-errors": ["http-errors@2.0.1", "", { "dependencies": { "depd": "~2.0.0", "inherits": "~2.0.4", "setprototypeof": "~1.2.0", "statuses": "~2.0.2", "toidentifier": "~1.0.1" } }, "sha512-4FbRdAX+bSdmo4AUFuS0WNiPz8NgFt+r8ThgNWmlrjQjt1Q7ZR9+zTlce2859x4KSXrwIsaeTqDoKQmtP8pLmQ=="],

    "iconv-lite": ["iconv-lite@0.7.3", "", { "dependencies": { "safer-buffer": ">= 2.1.2 < 3.0.0" } }, "sha512-IKXpvIzjnC9XTAUbVBcMfGS0EPaIXtW6v+zr+RRp+hqULEpo0owZax6wyRwPOJbWbzjYspQwusTsfVr0ifh4uQ=="],

    "inflection": ["inflection@1.13.4", "", {}, ""],

    "inflight": ["inflight@1.0.6", "", { "dependencies": { "once": "^1.3.0", "wrappy": "1" } }, ""],

    "inherits": ["inherits@2.0.4", "", {}, ""],

    "ini": ["ini@1.3.8", "", {}, ""],

    "interpret": ["interpret@2.2.0", "", {}, ""],

    "ipaddr.js": ["ipaddr.js@1.9.1", "", {}, "sha512-0KI/607xoxSToH7GjN1FfSbLoU0+btTicjsQSWQlh/hZykN8KpmMf7uYwPW3R+akZ6R/w18ZlXSHBYXiYUPO3g=="],

    "is-callable": ["is-callable@1.2.7", "", {}, ""],

    "is-core-module": ["is-core-module@2.15.1", "", { "dependencies": { "hasown": "^2.0.2" } }, ""],

    "is-fullwidth-code-point": ["is-fullwidth-code-point@3.0.0", "", {}, ""],

    "is-promise": ["is-promise@4.0.0", "", {}, "sha512-hvpoI6korhJMnej285dSg6nu1+e6uxs7zG3BYAm5byqDsgJNWwxzM6z6iZiAgQR4TJ30JmBTOwqZUw3WlyH3AQ=="],

    "is-typed-array": ["is-typed-array@1.1.15", "", { "dependencies": { "which-typed-array": "^1.1.16" } }, "sha512-p3EcsicXjit7SaskXHs1hA91QxgTw46Fv6EFKKGS5DRFLD8yKnohjF3hxoju94b/OcMZoQukzpPpBE9uLVKzgQ=="],

    "isarray": ["isarray@2.0.5", "", {}, ""],

    "isstream": ["isstream@0.1.2", "", {}, ""],

    "knex": ["knex@3.3.0", "", { "dependencies": { "colorette": "2.0.19", "commander": "^10.0.0", "debug": "4.3.4", "escalade": "^3.1.1", "esm": "^3.2.25", "get-package-type": "^0.1.0", "getopts": "2.3.0", "interpret": "^2.2.0", "lodash": "^4.18.1", "pg-connection-string": "2.6.2", "rechoir": "^0.8.0", "resolve-from": "^5.0.0", "tarn": "^3.1.0", "tildify": "2.0.0" }, "peerDependencies": { "pg-query-stream": "^4.14.0" }, "optionalPeers": ["pg-query-stream"], "bin": "bin/cli.js" }, "sha512-LgWl031hNuLv9Lhxdd9093zULa2aNcoP04Bk29e5NidgRcEr/T0rAr2WYi4BhjTiCDoQiRU56meUE5rppLKZzQ=="],

    "locate-path": ["locate-path@5.0.0", "", { "dependencies": { "p-locate": "^4.1.0" } }, ""],

    "lodash": ["lodash@4.18.1", "", {}, "sha512-dMInicTPVE8d1e5otfwmmjlxkZoUpiVLwyeTdUsi/Caj/gfzzblBcCE5sRHV/AsjuCmxWrte2TNGSYuCeCq+0Q=="],

    "lodash.defaults": ["lodash.defaults@4.2.0", "", {}, ""],

    "lodash.sortby": ["lodash.sortby@4.7.0", "", {}, ""],

    "loglevel": ["loglevel@1.9.2", "", {}, ""],

    "long": ["long@4.0.0", "", {}, ""],

    "lru-cache": ["lru-cache@11.5.2", "", {}, "sha512-4pfM1Ff0x50o0tQwb5ucw/RzNyD0/YJME6IVcStalZuMWxdt3sR3huStTtxz4PUmvZfRguvDejasvQ2kifR11g=="],

    "math-intrinsics": ["math-intrinsics@1.1.0", "", {}, "sha512-/IXtbwEk5HTPyEwyKX6hGkYXxM9nbj64B+ilVJnC/R6B0pH5G4V3b0pVbL7DBj4tkhBAppbQUlf6F6Xl9LHu1g=="],

    "media-typer": ["media-typer@1.1.0", "", {}, "sha512-aisnrDP4GNe06UcKFnV5bfMNPBUw4jsLGaWwWfnH3v02GnBuXX2MCVn5RbrWo0j3pczUilYblq7fQ7Nw2t5XKw=="],

    "merge-descriptors": ["merge-descriptors@2.0.0", "", {}, "sha512-Snk314V5ayFLhp3fkUREub6WtjBfPdCPY1Ln8/8munuLuiYhsABgBVWsozAG+MWMbVEvcdcpbi9R7ww22l9Q3g=="],

    "mime-db": ["mime-db@1.54.0", "", {}, "sha512-aU5EJuIN2WDemCcAp2vFBfp/m4EAhWJnUNSSw0ixs7/kXbd6Pg64EmwJkNdFhB8aWt1sH2CTXrLxo/iAGV3oPQ=="],

    "mime-types": ["mime-types@3.0.2", "", { "dependencies": { "mime-db": "^1.54.0" } }, "sha512-Lbgzdk0h4juoQ9fCKXW4by0UJqj+nOOrI9MJ1sSj4nI8aI2eo1qmvQEie4VD1glsS250n15LsWsYtCugiStS5A=="],

    "minimatch": ["minimatch@3.1.5", "", { "dependencies": { "brace-expansion": "^1.1.7" } }, "sha512-VgjWUsnnT6n+NUk6eZq77zeFdpW2LWDzP6zFGrCbHXiYNul5Dzqk2HHQ5uFH2DNW5Xbp8+jVzaeNt94ssEEl4w=="],

    "minimist": ["minimist@1.2.8", "", {}, ""],

    "mkdirp": ["mkdirp@0.5.6", "", { "dependencies": { "minimist": "^1.2.6" }, "bin": "bin/cmd.js" }, ""],

    "moment": ["moment@2.30.1", "", {}, ""],

    "mongodb-uri": ["mongodb-uri@0.9.7", "", {}, ""],

    "ms": ["ms@2.1.3", "", {}, ""],

    "mute-stream": ["mute-stream@0.0.8", "", {}, ""],

    "mv": ["mv@2.1.1", "", { "dependencies": { "mkdirp": "~0.5.1", "ncp": "~2.0.0", "rimraf": "~2.4.0" } }, ""],

    "nan": ["nan@2.20.0", "", {}, ""],

    "ncp": ["ncp@2.0.0", "", { "bin": "bin/ncp" }, ""],

    "negotiator": ["negotiator@1.0.0", "", {}, "sha512-8Ofs/AUQh8MaEcrlq5xOX0CQ9ypTF5dl78mjlMNfOK08fzpgTHQRQPBxcPlEtIw0yRpws+Zo/3r+5WRby7u3Gg=="],

    "node-fs": ["node-fs@0.1.7", "", { "os": [ "!aix", "!android", "!openbsd", ] }, ""],

    "object-assign": ["object-assign@4.1.1", "", {}, ""],

    "object-inspect": ["object-inspect@1.13.4", "", {}, "sha512-W67iLl4J2EXEGTbfeHCffrjDfitvLANg0UlX3wFUUSTx92KXRFegMHUVgSqE+wvhAbi4WqjGg9czysTV2Epbew=="],

    "on-finished": ["on-finished@2.4.1", "", { "dependencies": { "ee-first": "1.1.1" } }, ""],

    "once": ["once@1.4.0", "", { "dependencies": { "wrappy": "1" } }, ""],

    "p-limit": ["p-limit@2.3.0", "", { "dependencies": { "p-try": "^2.0.0" } }, ""],

    "p-locate": ["p-locate@4.1.0", "", { "dependencies": { "p-limit": "^2.2.0" } }, ""],

    "p-try": ["p-try@2.2.0", "", {}, ""],

    "parse-database-url": ["parse-database-url@0.3.0", "", { "dependencies": { "mongodb-uri": ">= 0.9.7" } }, ""],

    "parseurl": ["parseurl@1.3.3", "", {}, ""],

    "path-exists": ["path-exists@4.0.0", "", {}, ""],

    "path-is-absolute": ["path-is-absolute@1.0.1", "", {}, ""],

    "path-parse": ["path-parse@1.0.7", "", {}, ""],

    "path-to-regexp": ["path-to-regexp@8.4.2", "", {}, "sha512-qRcuIdP69NPm4qbACK+aDogI5CBDMi1jKe0ry5rSQJz8JVLsC7jV8XpiJjGRLLol3N+R5ihGYcrPLTno6pAdBA=="],

    "pg": ["pg@8.12.0", "", { "dependencies": { "pg-connection-string": "^2.6.4", "pg-pool": "^3.6.2", "pg-protocol": "^1.6.1", "pg-types": "^2.1.0", "pgpass": "1.x" }, "optionalDependencies": { "pg-cloudflare": "^1.1.1" }, "peerDependencies": { "pg-native": ">=3.0.1" }, "optionalPeers": ["pg-native"] }, ""],

    "pg-cloudflare": ["pg-cloudflare@1.1.1", "", {}, ""],

    "pg-connection-string": ["pg-connection-string@2.6.2", "", {}, ""],

    "pg-int8": ["pg-int8@1.0.1", "", {}, ""],

    "pg-pool": ["pg-pool@3.6.2", "", { "peerDependencies": { "pg": ">=8.0" } }, ""],

    "pg-protocol": ["pg-protocol@1.6.1", "", {}, ""],

    "pg-types": ["pg-types@2.2.0", "", { "dependencies": { "pg-int8": "1.0.1", "postgres-array": "~2.0.0", "postgres-bytea": "~1.0.0", "postgres-date": "~1.0.4", "postgres-interval": "^1.1.0" } }, ""],

    "pgpass": ["pgpass@1.0.5", "", { "dependencies": { "split2": "^4.1.0" } }, ""],

    "possible-typed-array-names": ["possible-typed-array-names@1.0.0", "", {}, ""],

    "postgres-array": ["postgres-array@2.0.0", "", {}, ""],

    "postgres-bytea": ["postgres-bytea@1.0.0", "", {}, ""],

    "postgres-date": ["postgres-date@1.0.7", "", {}, ""],

    "postgres-interval": ["postgres-interval@1.2.0", "", { "dependencies": { "xtend": "^4.0.0" } }, ""],

    "prompt": ["prompt@1.3.0", "", { "dependencies": { "@colors/colors": "1.5.0", "async": "3.2.3", "read": "1.0.x", "revalidator": "0.1.x", "winston": "2.x" } }, ""],

    "proxy-addr": ["proxy-addr@2.0.7", "", { "dependencies": { "forwarded": "0.2.0", "ipaddr.js": "1.9.1" } }, "sha512-llQsMLSUDUPT44jdrU/O37qlnifitDP+ZwrmmZcoSKyLKvtZxpyV0n2/bD/N4tBAAZ/gJEdZU7KMraoK1+XYAg=="],

    "qs": ["qs@6.15.3", "", { "dependencies": { "es-define-property": "^1.0.1", "side-channel": "^1.1.1" } }, "sha512-O9gl3zCl5h5blw1KGUzQKhA5oUXSl8rwUIM5o0S3nCXMliSvy5Dzx7/DJcI+SwgICv+IneSZwhBh1oSyEHA71A=="],

    "range-parser": ["range-parser@1.3.0", "", {}, "sha512-hek2mFQpPuI4E1BBKrSto+BU3e3x4xuarsbiwr3+lf7p44juvFMV0XFWQAP3xUyqXA4RrXLIoaSUGbSt056ZMw=="],

    "raw-body": ["raw-body@3.0.2", "", { "dependencies": { "bytes": "~3.1.2", "http-errors": "~2.0.1", "iconv-lite": "~0.7.0", "unpipe": "~1.0.0" } }, "sha512-K5zQjDllxWkf7Z5xJdV0/B0WTNqx6vxG70zJE4N0kBs4LovmEYWJzQGxC9bS9RAKu3bgM40lrd5zoLJ12MQ5BA=="],

    "rc": ["rc@1.2.8", "", { "dependencies": { "deep-extend": "^0.6.0", "ini": "~1.3.0", "minimist": "^1.2.0", "strip-json-comments": "~2.0.1" }, "bin": "cli.js" }, ""],

    "read": ["read@1.0.7", "", { "dependencies": { "mute-stream": "~0.0.4" } }, ""],

    "rechoir": ["rechoir@0.8.0", "", { "dependencies": { "resolve": "^1.20.0" } }, ""],

    "require-directory": ["require-directory@2.1.1", "", {}, ""],

    "require-main-filename": ["require-main-filename@2.0.0", "", {}, ""],

    "resolve": ["resolve@1.22.8", "", { "dependencies": { "is-core-module": "^2.13.0", "path-parse": "^1.0.7", "supports-preserve-symlinks-flag": "^1.0.0" }, "bin": "bin/resolve" }, ""],

    "resolve-from": ["resolve-from@5.0.0", "", {}, ""],

    "retry": ["retry@0.13.1", "", {}, ""],

    "revalidator": ["revalidator@0.1.8", "", {}, ""],

    "rimraf": ["rimraf@2.4.5", "", { "dependencies": { "glob": "^6.0.1" }, "bin": "bin.js" }, ""],

    "router": ["router@2.2.0", "", { "dependencies": { "debug": "^4.4.0", "depd": "^2.0.0", "is-promise": "^4.0.0", "parseurl": "^1.3.3", "path-to-regexp": "^8.0.0" } }, "sha512-nLTrUKm2UyiL7rlhapu/Zl45FwNgkZGaCpZbIHajDYgwlJCOzLSk+cIPAnsEqV955GjILJnKbdQC1nVPz+gAYQ=="],

    "safe-buffer": ["safe-buffer@5.2.1", "", {}, ""],

    "safe-json-stringify": ["safe-json-stringify@1.2.0", "", {}, ""],

    "safer-buffer": ["safer-buffer@2.1.2", "", {}, ""],

    "semver": ["semver@5.7.2", "", { "bin": "bin/semver" }, ""],

    "send": ["send@1.2.1", "", { "dependencies": { "debug": "^4.4.3", "encodeurl": "^2.0.0", "escape-html": "^1.0.3", "etag": "^1.8.1", "fresh": "^2.0.0", "http-errors": "^2.0.1", "mime-types": "^3.0.2", "ms": "^2.1.3", "on-finished": "^2.4.1", "range-parser": "^1.2.1", "statuses": "^2.0.2" } }, "sha512-1gnZf7DFcoIcajTjTwjwuDjzuz4PPcY2StKPlsGAQ1+YH20IRVrBaXSWmdjowTJ6u8Rc01PoYOGHXfP1mYcZNQ=="],

    "serve-static": ["serve-static@2.2.1", "", { "dependencies": { "encodeurl": "^2.0.0", "escape-html": "^1.0.3", "parseurl": "^1.3.3", "send": "^1.2.0" } }, "sha512-xRXBn0pPqQTVQiC8wyQrKs2MOlX24zQ0POGaj0kultvoOCstBQM5yvOhAVSUwOMjQtTvsPWoNCHfPGwaaQJhTw=="],

    "set-blocking": ["set-blocking@2.0.0", "", {}, ""],

    "set-function-length": ["set-function-length@1.2.2", "", { "dependencies": { "define-data-property": "^1.1.4", "es-errors": "^1.3.0", "function-bind": "^1.1.2", "get-intrinsic": "^1.2.4", "gopd": "^1.0.1", "has-property-descriptors": "^1.0.2" } }, ""],

    "setprototypeof": ["setprototypeof@1.2.0", "", {}, "sha512-E5LDX7Wrp85Kil5bhZv46j8jOeboKq5JMmYM3gVGdGH8xFpPWXUMsNrlODCrkoxMEeNi/XZIwuRvY4XNwYMJpw=="],

    "sha.js": ["sha.js@2.4.12", "", { "dependencies": { "inherits": "^2.0.4", "safe-buffer": "^5.2.1", "to-buffer": "^1.2.0" }, "bin": "bin.js" }, "sha512-8LzC5+bvI45BjpfXU8V5fdU2mfeKiQe1D1gIMn7XUlF3OTUrpdJpPPH4EMAnF0DsHHdSZqCdSss5qCmJKuiO3w=="],

    "side-channel": ["side-channel@1.1.1", "", { "dependencies": { "es-errors": "^1.3.0", "object-inspect": "^1.13.4", "side-channel-list": "^1.0.1", "side-channel-map": "^1.0.1", "side-channel-weakmap": "^1.0.2" } }, "sha512-6x6dK6zJdpTzF4sQeNYxwtvBzf6Eg4GtlesS94HOvTudUeyK2WXAaIfmDgsyslYrRBeFIlsi54AYsFGUuhmvrQ=="],

    "side-channel-list": ["side-channel-list@1.0.1", "", { "dependencies": { "es-errors": "^1.3.0", "object-inspect": "^1.13.4" } }, "sha512-mjn/0bi/oUURjc5Xl7IaWi/OJJJumuoJFQJfDDyO46+hBWsfaVM65TBHq2eoZBhzl9EchxOijpkbRC8SVBQU0w=="],

    "side-channel-map": ["side-channel-map@1.0.1", "", { "dependencies": { "call-bound": "^1.0.2", "es-errors": "^1.3.0", "get-intrinsic": "^1.2.5", "object-inspect": "^1.13.3" } }, "sha512-VCjCNfgMsby3tTdo02nbjtM/ewra6jPHmpThenkTYh8pG9ucZ/1P8So4u4FGBek/BjpOVsDCMoLA/iuBKIFXRA=="],

    "side-channel-weakmap": ["side-channel-weakmap@1.0.2", "", { "dependencies": { "call-bound": "^1.0.2", "es-errors": "^1.3.0", "get-intrinsic": "^1.2.5", "object-inspect": "^1.13.3", "side-channel-map": "^1.0.1" } }, "sha512-WPS/HvHQTYnHisLo9McqBHOJk2FkHO/tlpvldyrnem4aeQp4hai3gythswg6p01oSoTl58rcpiFAjF2br2Ak2A=="],

    "split2": ["split2@4.2.0", "", {}, ""],

    "ssh2": ["ssh2@1.4.0", "", { "dependencies": { "asn1": "^0.2.4", "bcrypt-pbkdf": "^1.0.2" }, "optionalDependencies": { "cpu-features": "0.0.2", "nan": "^2.15.0" } }, ""],

    "stack-trace": ["stack-trace@0.0.10", "", {}, ""],

    "statuses": ["statuses@2.0.2", "", {}, "sha512-DvEy55V3DB7uknRo+4iOGT5fP1slR8wQohVdknigZPMpMstaKJQWhwiYBACJE3Ul2pTnATihhBYnRhZQHGBiRw=="],

    "string-width": ["string-width@4.2.3", "", { "dependencies": { "emoji-regex": "^8.0.0", "is-fullwidth-code-point": "^3.0.0", "strip-ansi": "^6.0.1" } }, ""],

    "strip-ansi": ["strip-ansi@6.0.1", "", { "dependencies": { "ansi-regex": "^5.0.1" } }, ""],

    "strip-json-comments": ["strip-json-comments@2.0.1", "", {}, ""],

    "supports-preserve-symlinks-flag": ["supports-preserve-symlinks-flag@1.0.0", "", {}, ""],

    "tarn": ["tarn@3.1.2", "", {}, "sha512-3RTvqKZcK/17jnJ8rMKFXbyNogywTs1z0gVPPwFsJGX46rkmUHOdIaSQ/aVO1rS7nH+soiXiWk7rvUXxndm8Dg=="],

    "tildify": ["tildify@2.0.0", "", {}, ""],

    "to-buffer": ["to-buffer@1.2.2", "", { "dependencies": { "isarray": "^2.0.5", "safe-buffer": "^5.2.1", "typed-array-buffer": "^1.0.3" } }, "sha512-db0E3UJjcFhpDhAF4tLo03oli3pwl3dbnzXOUIlRKrp+ldk/VUxzpWYZENsw2SZiuBjHAk7DfB0VU7NKdpb6sw=="],

    "toidentifier": ["toidentifier@1.0.1", "", {}, "sha512-o5sSPKEkg/DIQNmH43V0/uerLrpzVedkUh8tGNvaeXpfpuwjKenlSox/2O/BTlZUtEe+JG7s5YhEz608PlAHRA=="],

    "tslib": ["tslib@2.7.0", "", {}, ""],

    "tunnel-ssh": ["tunnel-ssh@4.1.6", "", { "dependencies": { "debug": "2.6.9", "lodash.defaults": "^4.1.0", "ssh2": "1.4.0" } }, ""],

    "tweetnacl": ["tweetnacl@0.14.5", "", {}, ""],

    "type-is": ["type-is@2.1.0", "", { "dependencies": { "content-type": "^2.0.0", "media-typer": "^1.1.0", "mime-types": "^3.0.0" } }, "sha512-faYHw0anBbc/kWF3zFTEnxSFOAGUX9GFbOBthvDdLsIlEoWOFOtS0zgCiQYwIskL9iGXZL3kAXD8OoZ4GmMATA=="],

    "typed-array-buffer": ["typed-array-buffer@1.0.3", "", { "dependencies": { "call-bound": "^1.0.3", "es-errors": "^1.3.0", "is-typed-array": "^1.1.14" } }, "sha512-nAYYwfY3qnzX30IkA6AQZjVbtK6duGontcQm1WSG1MD94YLqK0515GNApXkoxKOWMusVssAHWLh9SeaoefYFGw=="],

    "unpipe": ["unpipe@1.0.0", "", {}, "sha512-pjy2bYhSsufwWlKwPc+l3cN7+wuJlK6uz0YdJEOlQDbl6jo/YlPi4mb8agUkVC8BF7V8NuzeyPNqRksA3hztKQ=="],

    "vary": ["vary@1.1.2", "", {}, ""],

    "whatwg-mimetype": ["whatwg-mimetype@4.0.0", "", {}, "sha512-QaKxh0eNIi2mE9p2vEdzfagOKHCcj1pJ56EEHGQOVxp8r9/iszLUUV7v89x9O1p/T+NlTM5W7jW6+cz4Fq1YVg=="],

    "when": ["when@2.0.1", "", {}, ""],

    "which-module": ["which-module@2.0.1", "", {}, ""],

    "which-typed-array": ["which-typed-array@1.1.22", "", { "dependencies": { "available-typed-arrays": "^1.0.7", "call-bind": "^1.0.9", "call-bound": "^1.0.4", "for-each": "^0.3.5", "get-proto": "^1.0.1", "gopd": "^1.2.0", "has-tostringtag": "^1.0.2" } }, "sha512-fvO4ExWMFsqyhG3AiPAObMuY1lxaqgYcxbc49CNdWDDECOJNgQyvsOWVwbZc+qf3rzRtxojBK+CMEv0Ld5CYpw=="],

    "winston": ["winston@2.4.7", "", { "dependencies": { "async": "^2.6.4", "colors": "1.0.x", "cycle": "1.0.x", "eyes": "0.1.x", "isstream": "0.1.x", "stack-trace": "0.0.x" } }, ""],

    "wrap-ansi": ["wrap-ansi@6.2.0", "", { "dependencies": { "ansi-styles": "^4.0.0", "string-width": "^4.1.0", "strip-ansi": "^6.0.0" } }, ""],

    "wrappy": ["wrappy@1.0.2", "", {}, ""],

    "xtend": ["xtend@4.0.2", "", {}, ""],

    "y18n": ["y18n@4.0.3", "", {}, ""],

    "yargs": ["yargs@15.4.1", "", { "dependencies": { "cliui": "^6.0.0", "decamelize": "^1.2.0", "find-up": "^4.1.0", "get-caller-file": "^2.0.1", "require-directory": "^2.1.1", "require-main-filename": "^2.0.0", "set-blocking": "^2.0.0", "string-width": "^4.2.0", "which-module": "^2.0.0", "y18n": "^4.0.0", "yargs-parser": "^18.1.2" } }, ""],

    "yargs-parser": ["yargs-parser@18.1.3", "", { "dependencies": { "camelcase": "^5.0.0", "decamelize": "^1.2.0" } }, ""],

    "@apollo/server-gateway-interface/@apollo/utils.keyvaluecache": ["@apollo/utils.keyvaluecache@4.0.0", "", { "dependencies": { "@apollo/utils.logger": "^3.0.0", "lru-cache": "^11.0.0" } }, "sha512-mKw1myRUkQsGPNB+9bglAuhviodJ2L2MRYLTafCMw5BIo7nbvCPNCkLnIHjZ1NOzH7SnMAr5c9LmXiqsgYqLZw=="],

    "@apollo/server-gateway-interface/@apollo/utils.logger": ["@apollo/utils.logger@3.0.0", "", {}, "sha512-M8V8JOTH0F2qEi+ktPfw4RL7MvUycDfKp7aEap2eWXfL5SqWHN6jTLbj5f5fj1cceHpyaUSOZlvlaaryaxZAmg=="],

    "body-parser/content-type": ["content-type@2.0.0", "", {}, "sha512-j/O/d7GcZCyNl7/hwZAb606rzqkyvaDctLmckbxLzHvFBzTJHuGEdodATcP3yIRoDrLHkIATJuvzbFlp/ki2cQ=="],

    "body-parser/debug": ["debug@4.4.3", "", { "dependencies": { "ms": "^2.1.3" } }, "sha512-RGwwWnwQvkVfavKVt22FGLw+xYSdzARwm0ru6DhTVA3umU5hZc28V3kO4stgYryrTlLpuvgI9GiijltAjNbcqA=="],

    "db-migrate/dotenv": ["dotenv@5.0.1", "", {}, ""],

    "db-migrate-pg/semver": ["semver@7.6.3", "", { "bin": "bin/semver.js" }, ""],

    "finalhandler/debug": ["debug@4.4.3", "", { "dependencies": { "ms": "^2.1.3" } }, "sha512-RGwwWnwQvkVfavKVt22FGLw+xYSdzARwm0ru6DhTVA3umU5hZc28V3kO4stgYryrTlLpuvgI9GiijltAjNbcqA=="],

    "knex/debug": ["debug@4.3.4", "", { "dependencies": { "ms": "2.1.2" } }, ""],

    "pg/pg-connection-string": ["pg-connection-string@2.6.4", "", {}, ""],

    "prompt/async": ["async@3.2.3", "", {}, ""],

    "router/debug": ["debug@4.4.3", "", { "dependencies": { "ms": "^2.1.3" } }, "sha512-RGwwWnwQvkVfavKVt22FGLw+xYSdzARwm0ru6DhTVA3umU5hZc28V3kO4stgYryrTlLpuvgI9GiijltAjNbcqA=="],

    "send/debug": ["debug@4.4.3", "", { "dependencies": { "ms": "^2.1.3" } }, "sha512-RGwwWnwQvkVfavKVt22FGLw+xYSdzARwm0ru6DhTVA3umU5hZc28V3kO4stgYryrTlLpuvgI9GiijltAjNbcqA=="],

    "tunnel-ssh/debug": ["debug@2.6.9", "", { "dependencies": { "ms": "2.0.0" } }, ""],

    "type-is/content-type": ["content-type@2.0.0", "", {}, "sha512-j/O/d7GcZCyNl7/hwZAb606rzqkyvaDctLmckbxLzHvFBzTJHuGEdodATcP3yIRoDrLHkIATJuvzbFlp/ki2cQ=="],

    "winston/async": ["async@2.6.4", "", { "dependencies": { "lodash": "^4.17.14" } }, ""],

    "@apollo/server-gateway-interface/@apollo/utils.keyvaluecache/lru-cache": ["lru-cache@11.5.2", "", {}, "sha512-4pfM1Ff0x50o0tQwb5ucw/RzNyD0/YJME6IVcStalZuMWxdt3sR3huStTtxz4PUmvZfRguvDejasvQ2kifR11g=="],

    "knex/debug/ms": ["ms@2.1.2", "", {}, ""],

    "tunnel-ssh/debug/ms": ["ms@2.0.0", "", {}, ""],
  }
}
